using System;
using System.Collections.Generic;
using System.Linq;
using System.Text;
using System.Threading.Tasks;

namespace ConsoleApp1
{
    internal class Program
    {
        public static string PasswortGenerieren(int anzahl)
        {           
{               string passwort = "";

                int ascii = 0;

                int merker = 0;

                char wert = (char)0;
                Random rnd = new Random();

                do
                {
                    passwort = "";

                    merker = 0;

                    for (int i = 0; i <anzahl; i++)
                    {
                        ascii =  rnd.Next(33,127)+1;

                        if (ascii >= 48 && ascii <= 57)
                            merker++;

                        wert = (char)ascii;
                        passwort += wert;
                    }
                } while (merker != 2);

                return passwort;
}
        }
        static void Main(string[] args)
        {
            Console.WriteLine(PasswortGenerieren(5));
            Console.ReadLine(); 
        }
    }
}
